
Microsoft Visual Studio Solution File, Format Version 12.00
# Visual Studio Version 16
VisualStudioVersion = 16.0.29503.13
MinimumVisualStudioVersion = 10.0.40219.1
Project("{9A19103F-16F7-4668-BE54-9A1E7A4F7556}") = "Uppgift_1", "Uppgift_1\Uppgift_1.csproj", "{00CF34E6-2F78-4544-B1D8-0783B6D96390}"
EndProject
Project("{9A19103F-16F7-4668-BE54-9A1E7A4F7556}") = "Uppgift_2", "Uppgift_2\Uppgift_2.csproj", "{0D36A0D1-4693-47DE-9CD7-5C9E7E6449FB}"
EndProject
Project("{9A19103F-16F7-4668-BE54-9A1E7A4F7556}") = "Uppgift_3", "Uppgift_3\Uppgift_3.csproj", "{8C5D3263-77D8-45E5-BEAC-5016B0955C97}"
EndProject
Project("{9A19103F-16F7-4668-BE54-9A1E7A4F7556}") = "Uppgift_4", "Uppgift_4\Uppgift_4.csproj", "{56E5911D-0384-447B-8756-1E9345DDD204}"
EndProject
Project("{9A19103F-16F7-4668-BE54-9A1E7A4F7556}") = "Uppgift_5", "Uppgift_5\Uppgift_5.csproj", "{8123D2C2-C7D7-4BDB-953C-3CCC0C01EF30}"
EndProject
Project("{9A19103F-16F7-4668-BE54-9A1E7A4F7556}") = "Uppgift_6", "Uppgift_6\Uppgift_6.csproj", "{63FC1AF3-6AFA-4B37-AC8C-A89484C88E49}"
EndProject
Project("{9A19103F-16F7-4668-BE54-9A1E7A4F7556}") = "Uppgift_7", "Uppgift_7\Uppgift_7.csproj", "{97543621-E2E9-4AFF-BC1C-2F0DF7D045DB}"
EndProject
Project("{9A19103F-16F7-4668-BE54-9A1E7A4F7556}") = "Uppgift_8", "Uppgift_8\Uppgift_8.csproj", "{A03FDE7D-312A-4637-896E-163BC8149C46}"
EndProject
Project("{9A19103F-16F7-4668-BE54-9A1E7A4F7556}") = "Uppgift_9a", "Uppgift_9\Uppgift_9a.csproj", "{E7AAADF8-8F06-435F-B77E-175038425A03}"
EndProject
Project("{9A19103F-16F7-4668-BE54-9A1E7A4F7556}") = "Uppgift_9b", "Uppgift_9b\Uppgift_9b.csproj", "{79AEFCFB-4EF2-44B1-A563-7D5CA6ED9771}"
EndProject
Project("{9A19103F-16F7-4668-BE54-9A1E7A4F7556}") = "Uppgift_10", "Uppgift_10\Uppgift_10.csproj", "{ABE6343A-B4C6-4B79-8937-6F33EF8642BA}"
EndProject
Project("{9A19103F-16F7-4668-BE54-9A1E7A4F7556}") = "Uppgift_11", "Uppgift_11\Uppgift_11.csproj", "{ACE1622F-502E-4147-9C49-7FE7D28F8D46}"
EndProject
Project("{9A19103F-16F7-4668-BE54-9A1E7A4F7556}") = "Uppgift_12", "Uppgift_12\Uppgift_12.csproj", "{B488A4DA-2A04-4A60-AB93-84FBA6D94704}"
EndProject
Project("{9A19103F-16F7-4668-BE54-9A1E7A4F7556}") = "Uppgift_13", "Uppgift_13\Uppgift_13.csproj", "{54BA7B5F-965E-4697-841A-554F290D13CE}"
EndProject
Project("{FAE04EC0-301F-11D3-BF4B-00C04F79EFBC}") = "Uppgift_14", "Uppgift_14\Uppgift_14.csproj", "{0FFEE8FA-0274-4484-8144-6A33918D2C74}"
EndProject
Global
	GlobalSection(SolutionConfigurationPlatforms) = preSolution
		Debug|Any CPU = Debug|Any CPU
		Release|Any CPU = Release|Any CPU
	EndGlobalSection
	GlobalSection(ProjectConfigurationPlatforms) = postSolution
		{00CF34E6-2F78-4544-B1D8-0783B6D96390}.Debug|Any CPU.ActiveCfg = Debug|Any CPU
		{00CF34E6-2F78-4544-B1D8-0783B6D96390}.Debug|Any CPU.Build.0 = Debug|Any CPU
		{00CF34E6-2F78-4544-B1D8-0783B6D96390}.Release|Any CPU.ActiveCfg = Release|Any CPU
		{00CF34E6-2F78-4544-B1D8-0783B6D96390}.Release|Any CPU.Build.0 = Release|Any CPU
		{0D36A0D1-4693-47DE-9CD7-5C9E7E6449FB}.Debug|Any CPU.ActiveCfg = Debug|Any CPU
		{0D36A0D1-4693-47DE-9CD7-5C9E7E6449FB}.Debug|Any CPU.Build.0 = Debug|Any CPU
		{0D36A0D1-4693-47DE-9CD7-5C9E7E6449FB}.Release|Any CPU.ActiveCfg = Release|Any CPU
		{0D36A0D1-4693-47DE-9CD7-5C9E7E6449FB}.Release|Any CPU.Build.0 = Release|Any CPU
		{8C5D3263-77D8-45E5-BEAC-5016B0955C97}.Debug|Any CPU.ActiveCfg = Debug|Any CPU
		{8C5D3263-77D8-45E5-BEAC-5016B0955C97}.Debug|Any CPU.Build.0 = Debug|Any CPU
		{8C5D3263-77D8-45E5-BEAC-5016B0955C97}.Release|Any CPU.ActiveCfg = Release|Any CPU
		{8C5D3263-77D8-45E5-BEAC-5016B0955C97}.Release|Any CPU.Build.0 = Release|Any CPU
		{56E5911D-0384-447B-8756-1E9345DDD204}.Debug|Any CPU.ActiveCfg = Debug|Any CPU
		{56E5911D-0384-447B-8756-1E9345DDD204}.Debug|Any CPU.Build.0 = Debug|Any CPU
		{56E5911D-0384-447B-8756-1E9345DDD204}.Release|Any CPU.ActiveCfg = Release|Any CPU
		{56E5911D-0384-447B-8756-1E9345DDD204}.Release|Any CPU.Build.0 = Release|Any CPU
		{8123D2C2-C7D7-4BDB-953C-3CCC0C01EF30}.Debug|Any CPU.ActiveCfg = Debug|Any CPU
		{8123D2C2-C7D7-4BDB-953C-3CCC0C01EF30}.Debug|Any CPU.Build.0 = Debug|Any CPU
		{8123D2C2-C7D7-4BDB-953C-3CCC0C01EF30}.Release|Any CPU.ActiveCfg = Release|Any CPU
		{8123D2C2-C7D7-4BDB-953C-3CCC0C01EF30}.Release|Any CPU.Build.0 = Release|Any CPU
		{63FC1AF3-6AFA-4B37-AC8C-A89484C88E49}.Debug|Any CPU.ActiveCfg = Debug|Any CPU
		{63FC1AF3-6AFA-4B37-AC8C-A89484C88E49}.Debug|Any CPU.Build.0 = Debug|Any CPU
		{63FC1AF3-6AFA-4B37-AC8C-A89484C88E49}.Release|Any CPU.ActiveCfg = Release|Any CPU
		{63FC1AF3-6AFA-4B37-AC8C-A89484C88E49}.Release|Any CPU.Build.0 = Release|Any CPU
		{97543621-E2E9-4AFF-BC1C-2F0DF7D045DB}.Debug|Any CPU.ActiveCfg = Debug|Any CPU
		{97543621-E2E9-4AFF-BC1C-2F0DF7D045DB}.Debug|Any CPU.Build.0 = Debug|Any CPU
		{97543621-E2E9-4AFF-BC1C-2F0DF7D045DB}.Release|Any CPU.ActiveCfg = Release|Any CPU
		{97543621-E2E9-4AFF-BC1C-2F0DF7D045DB}.Release|Any CPU.Build.0 = Release|Any CPU
		{A03FDE7D-312A-4637-896E-163BC8149C46}.Debug|Any CPU.ActiveCfg = Debug|Any CPU
		{A03FDE7D-312A-4637-896E-163BC8149C46}.Debug|Any CPU.Build.0 = Debug|Any CPU
		{A03FDE7D-312A-4637-896E-163BC8149C46}.Release|Any CPU.ActiveCfg = Release|Any CPU
		{A03FDE7D-312A-4637-896E-163BC8149C46}.Release|Any CPU.Build.0 = Release|Any CPU
		{E7AAADF8-8F06-435F-B77E-175038425A03}.Debug|Any CPU.ActiveCfg = Debug|Any CPU
		{E7AAADF8-8F06-435F-B77E-175038425A03}.Debug|Any CPU.Build.0 = Debug|Any CPU
		{E7AAADF8-8F06-435F-B77E-175038425A03}.Release|Any CPU.ActiveCfg = Release|Any CPU
		{E7AAADF8-8F06-435F-B77E-175038425A03}.Release|Any CPU.Build.0 = Release|Any CPU
		{79AEFCFB-4EF2-44B1-A563-7D5CA6ED9771}.Debug|Any CPU.ActiveCfg = Debug|Any CPU
		{79AEFCFB-4EF2-44B1-A563-7D5CA6ED9771}.Debug|Any CPU.Build.0 = Debug|Any CPU
		{79AEFCFB-4EF2-44B1-A563-7D5CA6ED9771}.Release|Any CPU.ActiveCfg = Release|Any CPU
		{79AEFCFB-4EF2-44B1-A563-7D5CA6ED9771}.Release|Any CPU.Build.0 = Release|Any CPU
		{ABE6343A-B4C6-4B79-8937-6F33EF8642BA}.Debug|Any CPU.ActiveCfg = Debug|Any CPU
		{ABE6343A-B4C6-4B79-8937-6F33EF8642BA}.Debug|Any CPU.Build.0 = Debug|Any CPU
		{ABE6343A-B4C6-4B79-8937-6F33EF8642BA}.Release|Any CPU.ActiveCfg = Release|Any CPU
		{ABE6343A-B4C6-4B79-8937-6F33EF8642BA}.Release|Any CPU.Build.0 = Release|Any CPU
		{ACE1622F-502E-4147-9C49-7FE7D28F8D46}.Debug|Any CPU.ActiveCfg = Debug|Any CPU
		{ACE1622F-502E-4147-9C49-7FE7D28F8D46}.Debug|Any CPU.Build.0 = Debug|Any CPU
		{ACE1622F-502E-4147-9C49-7FE7D28F8D46}.Release|Any CPU.ActiveCfg = Release|Any CPU
		{ACE1622F-502E-4147-9C49-7FE7D28F8D46}.Release|Any CPU.Build.0 = Release|Any CPU
		{B488A4DA-2A04-4A60-AB93-84FBA6D94704}.Debug|Any CPU.ActiveCfg = Debug|Any CPU
		{B488A4DA-2A04-4A60-AB93-84FBA6D94704}.Debug|Any CPU.Build.0 = Debug|Any CPU
		{B488A4DA-2A04-4A60-AB93-84FBA6D94704}.Release|Any CPU.ActiveCfg = Release|Any CPU
		{B488A4DA-2A04-4A60-AB93-84FBA6D94704}.Release|Any CPU.Build.0 = Release|Any CPU
		{54BA7B5F-965E-4697-841A-554F290D13CE}.Debug|Any CPU.ActiveCfg = Debug|Any CPU
		{54BA7B5F-965E-4697-841A-554F290D13CE}.Debug|Any CPU.Build.0 = Debug|Any CPU
		{54BA7B5F-965E-4697-841A-554F290D13CE}.Release|Any CPU.ActiveCfg = Release|Any CPU
		{54BA7B5F-965E-4697-841A-554F290D13CE}.Release|Any CPU.Build.0 = Release|Any CPU
		{0FFEE8FA-0274-4484-8144-6A33918D2C74}.Debug|Any CPU.ActiveCfg = Debug|Any CPU
		{0FFEE8FA-0274-4484-8144-6A33918D2C74}.Debug|Any CPU.Build.0 = Debug|Any CPU
		{0FFEE8FA-0274-4484-8144-6A33918D2C74}.Release|Any CPU.ActiveCfg = Release|Any CPU
		{0FFEE8FA-0274-4484-8144-6A33918D2C74}.Release|Any CPU.Build.0 = Release|Any CPU
	EndGlobalSection
	GlobalSection(SolutionProperties) = preSolution
		HideSolutionNode = FALSE
	EndGlobalSection
	GlobalSection(ExtensibilityGlobals) = postSolution
		SolutionGuid = {381BC588-3DD1-4855-B9E8-B7388D2DBC1C}
	EndGlobalSection
EndGlobal
